
Microsoft Visual Studio Solution File, Format Version 12.00
# Visual Studio Version 16
VisualStudioVersion = 16.0.31129.286
MinimumVisualStudioVersion = 10.0.40219.1
Project("{9A19103F-16F7-4668-BE54-9A1E7A4F7556}") = "FirstTask", "FirstTask\FirstTask.csproj", "{61195871-4AB5-4623-9F3E-DCCB633FAA67}"
EndProject
Project("{9A19103F-16F7-4668-BE54-9A1E7A4F7556}") = "ThirdTask", "ThirdTask\ThirdTask.csproj", "{0E7890B0-7CAB-44A8-9702-0A3C2195AB9E}"
EndProject
Project("{9A19103F-16F7-4668-BE54-9A1E7A4F7556}") = "University", "University\University.csproj", "{E0059FB4-7C39-4497-9ACA-9FE3F2B329BA}"
EndProject
Project("{9A19103F-16F7-4668-BE54-9A1E7A4F7556}") = "Kinopoisk", "Kinopoisk\Kinopoisk.csproj", "{0565F34F-8806-4DE9-A549-8857ED52AE65}"
EndProject
Project("{9A19103F-16F7-4668-BE54-9A1E7A4F7556}") = "CarFactory", "CarFactory\CarFactory.csproj", "{32B93F33-71B9-411F-9AF2-60A9D2D001F9}"
EndProject
Project("{9A19103F-16F7-4668-BE54-9A1E7A4F7556}") = "FluentCarFactory", "CarMicrofactoryKolaCationEdition\FluentCarFactory.csproj", "{64C5F77D-F171-4A92-86A4-06EF53D103A7}"
EndProject
Project("{9A19103F-16F7-4668-BE54-9A1E7A4F7556}") = "EFUniversity", "EFUniversity\EFUniversity.csproj", "{A1E0A2E7-8E22-4CFB-84D8-08DF16A86794}"
EndProject
Project("{9A19103F-16F7-4668-BE54-9A1E7A4F7556}") = "EFKinopoisk", "EFKinopoisk\EFKinopoisk.csproj", "{BED23FA8-D8D0-4B74-87A0-724EABEDC371}"
EndProject
Project("{FAE04EC0-301F-11D3-BF4B-00C04F79EFBC}") = "EFKinopoisk5", "EFKinopoisk5\EFKinopoisk5.csproj", "{E0C11074-BBD8-48E5-A9CC-E2A42A2D597F}"
EndProject
Global
	GlobalSection(SolutionConfigurationPlatforms) = preSolution
		Debug|Any CPU = Debug|Any CPU
		Release|Any CPU = Release|Any CPU
	EndGlobalSection
	GlobalSection(ProjectConfigurationPlatforms) = postSolution
		{61195871-4AB5-4623-9F3E-DCCB633FAA67}.Debug|Any CPU.ActiveCfg = Debug|Any CPU
		{61195871-4AB5-4623-9F3E-DCCB633FAA67}.Debug|Any CPU.Build.0 = Debug|Any CPU
		{61195871-4AB5-4623-9F3E-DCCB633FAA67}.Release|Any CPU.ActiveCfg = Release|Any CPU
		{61195871-4AB5-4623-9F3E-DCCB633FAA67}.Release|Any CPU.Build.0 = Release|Any CPU
		{0E7890B0-7CAB-44A8-9702-0A3C2195AB9E}.Debug|Any CPU.ActiveCfg = Debug|Any CPU
		{0E7890B0-7CAB-44A8-9702-0A3C2195AB9E}.Debug|Any CPU.Build.0 = Debug|Any CPU
		{0E7890B0-7CAB-44A8-9702-0A3C2195AB9E}.Release|Any CPU.ActiveCfg = Release|Any CPU
		{0E7890B0-7CAB-44A8-9702-0A3C2195AB9E}.Release|Any CPU.Build.0 = Release|Any CPU
		{E0059FB4-7C39-4497-9ACA-9FE3F2B329BA}.Debug|Any CPU.ActiveCfg = Debug|Any CPU
		{E0059FB4-7C39-4497-9ACA-9FE3F2B329BA}.Debug|Any CPU.Build.0 = Debug|Any CPU
		{E0059FB4-7C39-4497-9ACA-9FE3F2B329BA}.Release|Any CPU.ActiveCfg = Release|Any CPU
		{E0059FB4-7C39-4497-9ACA-9FE3F2B329BA}.Release|Any CPU.Build.0 = Release|Any CPU
		{0565F34F-8806-4DE9-A549-8857ED52AE65}.Debug|Any CPU.ActiveCfg = Debug|Any CPU
		{0565F34F-8806-4DE9-A549-8857ED52AE65}.Debug|Any CPU.Build.0 = Debug|Any CPU
		{0565F34F-8806-4DE9-A549-8857ED52AE65}.Release|Any CPU.ActiveCfg = Release|Any CPU
		{0565F34F-8806-4DE9-A549-8857ED52AE65}.Release|Any CPU.Build.0 = Release|Any CPU
		{32B93F33-71B9-411F-9AF2-60A9D2D001F9}.Debug|Any CPU.ActiveCfg = Debug|Any CPU
		{32B93F33-71B9-411F-9AF2-60A9D2D001F9}.Debug|Any CPU.Build.0 = Debug|Any CPU
		{32B93F33-71B9-411F-9AF2-60A9D2D001F9}.Release|Any CPU.ActiveCfg = Release|Any CPU
		{32B93F33-71B9-411F-9AF2-60A9D2D001F9}.Release|Any CPU.Build.0 = Release|Any CPU
		{64C5F77D-F171-4A92-86A4-06EF53D103A7}.Debug|Any CPU.ActiveCfg = Debug|Any CPU
		{64C5F77D-F171-4A92-86A4-06EF53D103A7}.Debug|Any CPU.Build.0 = Debug|Any CPU
		{64C5F77D-F171-4A92-86A4-06EF53D103A7}.Release|Any CPU.ActiveCfg = Release|Any CPU
		{64C5F77D-F171-4A92-86A4-06EF53D103A7}.Release|Any CPU.Build.0 = Release|Any CPU
		{A1E0A2E7-8E22-4CFB-84D8-08DF16A86794}.Debug|Any CPU.ActiveCfg = Debug|Any CPU
		{A1E0A2E7-8E22-4CFB-84D8-08DF16A86794}.Debug|Any CPU.Build.0 = Debug|Any CPU
		{A1E0A2E7-8E22-4CFB-84D8-08DF16A86794}.Release|Any CPU.ActiveCfg = Release|Any CPU
		{A1E0A2E7-8E22-4CFB-84D8-08DF16A86794}.Release|Any CPU.Build.0 = Release|Any CPU
		{BED23FA8-D8D0-4B74-87A0-724EABEDC371}.Debug|Any CPU.ActiveCfg = Debug|Any CPU
		{BED23FA8-D8D0-4B74-87A0-724EABEDC371}.Debug|Any CPU.Build.0 = Debug|Any CPU
		{BED23FA8-D8D0-4B74-87A0-724EABEDC371}.Release|Any CPU.ActiveCfg = Release|Any CPU
		{BED23FA8-D8D0-4B74-87A0-724EABEDC371}.Release|Any CPU.Build.0 = Release|Any CPU
		{E0C11074-BBD8-48E5-A9CC-E2A42A2D597F}.Debug|Any CPU.ActiveCfg = Debug|Any CPU
		{E0C11074-BBD8-48E5-A9CC-E2A42A2D597F}.Debug|Any CPU.Build.0 = Debug|Any CPU
		{E0C11074-BBD8-48E5-A9CC-E2A42A2D597F}.Release|Any CPU.ActiveCfg = Release|Any CPU
		{E0C11074-BBD8-48E5-A9CC-E2A42A2D597F}.Release|Any CPU.Build.0 = Release|Any CPU
	EndGlobalSection
	GlobalSection(SolutionProperties) = preSolution
		HideSolutionNode = FALSE
	EndGlobalSection
	GlobalSection(ExtensibilityGlobals) = postSolution
		SolutionGuid = {9BCEB993-9F11-4CE5-8F07-940AFDB2A2D7}
	EndGlobalSection
EndGlobal
